
Microsoft Visual Studio Solution File, Format Version 12.00
# Visual Studio Version 17
VisualStudioVersion = 17.4.33213.308
MinimumVisualStudioVersion = 10.0.40219.1
Project("{2150E333-8FDC-42A3-9474-1A3956D46DE8}") = "src", "src", "{725E543F-EB4B-459B-AF28-F576733EF36F}"
EndProject
Project("{2150E333-8FDC-42A3-9474-1A3956D46DE8}") = "Application", "Application", "{170A8FB3-EA81-4257-814C-A5E531ED43B2}"
EndProject
Project("{2150E333-8FDC-42A3-9474-1A3956D46DE8}") = "Domains", "Domains", "{5607985B-B3E9-4656-A09C-7D8459D4ABA4}"
EndProject
Project("{2150E333-8FDC-42A3-9474-1A3956D46DE8}") = "Infrastructure", "Infrastructure", "{BD64E972-9487-4FDB-A981-3EB7AD78C90E}"
EndProject
Project("{2150E333-8FDC-42A3-9474-1A3956D46DE8}") = "webUI", "webUI", "{DB8FCF4B-42BB-4D0B-BE0F-1ABF0B8377CE}"
EndProject
Project("{2150E333-8FDC-42A3-9474-1A3956D46DE8}") = "Web API", "Web API", "{D1E70469-9BA9-4DB3-B3F1-CC539D727647}"
EndProject
Project("{9A19103F-16F7-4668-BE54-9A1E7A4F7556}") = "OnlineSurveyApp.Mvc", "src\webUI\OnlineSurveyApp.Mvc\OnlineSurveyApp.Mvc.csproj", "{BAA70550-4B7D-4300-B39D-CCE9C5AEBE81}"
EndProject
Project("{9A19103F-16F7-4668-BE54-9A1E7A4F7556}") = "OnlineSurveyApp.Services", "src\Application\OnlineSurveyApp.Services\OnlineSurveyApp.Services.csproj", "{262116A4-52D9-4268-BA8E-E2E9AFAF6315}"
EndProject
Project("{9A19103F-16F7-4668-BE54-9A1E7A4F7556}") = "OnlineSurveyApp.DTOs", "src\Application\OnlineSurveyApp.DTOs\OnlineSurveyApp.DTOs.csproj", "{8304F2FF-6F02-4551-BF2F-C817B4AFE312}"
EndProject
Project("{9A19103F-16F7-4668-BE54-9A1E7A4F7556}") = "OnlineSurveyApp.Entities", "src\Domains\OnlineSurveyApp.Entities\OnlineSurveyApp.Entities.csproj", "{34F370D6-4CE5-45DD-900A-952CA5540665}"
EndProject
Project("{9A19103F-16F7-4668-BE54-9A1E7A4F7556}") = "OnlineSurveyApp.Infrastructure", "src\Infrastructure\OnlineSurveyApp.Infrastructure\OnlineSurveyApp.Infrastructure.csproj", "{50278690-C262-438A-87A4-5CB50543D6EB}"
EndProject
Project("{FAE04EC0-301F-11D3-BF4B-00C04F79EFBC}") = "OnlineSurveyApp.API", "src\Web API\OnlineSurveyApp.API\OnlineSurveyApp.API.csproj", "{61B9B4DF-F6A0-4620-B4E9-CA7A4361F38E}"
EndProject
Global
	GlobalSection(SolutionConfigurationPlatforms) = preSolution
		Debug|Any CPU = Debug|Any CPU
		Release|Any CPU = Release|Any CPU
	EndGlobalSection
	GlobalSection(ProjectConfigurationPlatforms) = postSolution
		{BAA70550-4B7D-4300-B39D-CCE9C5AEBE81}.Debug|Any CPU.ActiveCfg = Debug|Any CPU
		{BAA70550-4B7D-4300-B39D-CCE9C5AEBE81}.Debug|Any CPU.Build.0 = Debug|Any CPU
		{BAA70550-4B7D-4300-B39D-CCE9C5AEBE81}.Release|Any CPU.ActiveCfg = Release|Any CPU
		{BAA70550-4B7D-4300-B39D-CCE9C5AEBE81}.Release|Any CPU.Build.0 = Release|Any CPU
		{262116A4-52D9-4268-BA8E-E2E9AFAF6315}.Debug|Any CPU.ActiveCfg = Debug|Any CPU
		{262116A4-52D9-4268-BA8E-E2E9AFAF6315}.Debug|Any CPU.Build.0 = Debug|Any CPU
		{262116A4-52D9-4268-BA8E-E2E9AFAF6315}.Release|Any CPU.ActiveCfg = Release|Any CPU
		{262116A4-52D9-4268-BA8E-E2E9AFAF6315}.Release|Any CPU.Build.0 = Release|Any CPU
		{8304F2FF-6F02-4551-BF2F-C817B4AFE312}.Debug|Any CPU.ActiveCfg = Debug|Any CPU
		{8304F2FF-6F02-4551-BF2F-C817B4AFE312}.Debug|Any CPU.Build.0 = Debug|Any CPU
		{8304F2FF-6F02-4551-BF2F-C817B4AFE312}.Release|Any CPU.ActiveCfg = Release|Any CPU
		{8304F2FF-6F02-4551-BF2F-C817B4AFE312}.Release|Any CPU.Build.0 = Release|Any CPU
		{34F370D6-4CE5-45DD-900A-952CA5540665}.Debug|Any CPU.ActiveCfg = Debug|Any CPU
		{34F370D6-4CE5-45DD-900A-952CA5540665}.Debug|Any CPU.Build.0 = Debug|Any CPU
		{34F370D6-4CE5-45DD-900A-952CA5540665}.Release|Any CPU.ActiveCfg = Release|Any CPU
		{34F370D6-4CE5-45DD-900A-952CA5540665}.Release|Any CPU.Build.0 = Release|Any CPU
		{50278690-C262-438A-87A4-5CB50543D6EB}.Debug|Any CPU.ActiveCfg = Debug|Any CPU
		{50278690-C262-438A-87A4-5CB50543D6EB}.Debug|Any CPU.Build.0 = Debug|Any CPU
		{50278690-C262-438A-87A4-5CB50543D6EB}.Release|Any CPU.ActiveCfg = Release|Any CPU
		{50278690-C262-438A-87A4-5CB50543D6EB}.Release|Any CPU.Build.0 = Release|Any CPU
		{61B9B4DF-F6A0-4620-B4E9-CA7A4361F38E}.Debug|Any CPU.ActiveCfg = Debug|Any CPU
		{61B9B4DF-F6A0-4620-B4E9-CA7A4361F38E}.Debug|Any CPU.Build.0 = Debug|Any CPU
		{61B9B4DF-F6A0-4620-B4E9-CA7A4361F38E}.Release|Any CPU.ActiveCfg = Release|Any CPU
		{61B9B4DF-F6A0-4620-B4E9-CA7A4361F38E}.Release|Any CPU.Build.0 = Release|Any CPU
	EndGlobalSection
	GlobalSection(SolutionProperties) = preSolution
		HideSolutionNode = FALSE
	EndGlobalSection
	GlobalSection(NestedProjects) = preSolution
		{170A8FB3-EA81-4257-814C-A5E531ED43B2} = {725E543F-EB4B-459B-AF28-F576733EF36F}
		{5607985B-B3E9-4656-A09C-7D8459D4ABA4} = {725E543F-EB4B-459B-AF28-F576733EF36F}
		{BD64E972-9487-4FDB-A981-3EB7AD78C90E} = {725E543F-EB4B-459B-AF28-F576733EF36F}
		{DB8FCF4B-42BB-4D0B-BE0F-1ABF0B8377CE} = {725E543F-EB4B-459B-AF28-F576733EF36F}
		{D1E70469-9BA9-4DB3-B3F1-CC539D727647} = {725E543F-EB4B-459B-AF28-F576733EF36F}
		{BAA70550-4B7D-4300-B39D-CCE9C5AEBE81} = {DB8FCF4B-42BB-4D0B-BE0F-1ABF0B8377CE}
		{262116A4-52D9-4268-BA8E-E2E9AFAF6315} = {170A8FB3-EA81-4257-814C-A5E531ED43B2}
		{8304F2FF-6F02-4551-BF2F-C817B4AFE312} = {170A8FB3-EA81-4257-814C-A5E531ED43B2}
		{34F370D6-4CE5-45DD-900A-952CA5540665} = {5607985B-B3E9-4656-A09C-7D8459D4ABA4}
		{50278690-C262-438A-87A4-5CB50543D6EB} = {BD64E972-9487-4FDB-A981-3EB7AD78C90E}
		{61B9B4DF-F6A0-4620-B4E9-CA7A4361F38E} = {D1E70469-9BA9-4DB3-B3F1-CC539D727647}
	EndGlobalSection
	GlobalSection(ExtensibilityGlobals) = postSolution
		SolutionGuid = {0430AA54-264E-4162-BAEE-F9DB6B04BF15}
	EndGlobalSection
EndGlobal
